{
  "name": "karabiner-elements",
  "lockfileVersion": 3,
  "requires": true,
  "packages": {
    "": {
      "dependencies": {
        "karabinerge": "^1.3.0"
      }
    },
    "node_modules/karabinerge": {
      "version": "1.3.0",
      "resolved": "https://registry.npmjs.org/karabinerge/-/karabinerge-1.3.0.tgz",
      "integrity": "sha512-gcPyYa7pXZiTOeosZFv/zdn+j4GhUNpF+5maeHxnKgdanynHuUKMCSrvrRBaQC+zIGXR3jslye1me+fTm/wykg==",
      "dependencies": {
        "obj-digger": "^1.1.1"
      }
    },
    "node_modules/obj-digger": {
      "version": "1.2.0",
      "resolved": "https://registry.npmjs.org/obj-digger/-/obj-digger-1.2.0.tgz",
      "integrity": "sha512-72zhzA4B/AZO8zSsNNhecqcEt1leo/6pfAXZEb2mWJOUy/P+sUwze4r2HeZ/rXTMnSmA7P7QYvm4hbJOxkDz+Q=="
    }
  }
}
